
Microsoft Visual Studio Solution File, Format Version 11.00
# Visual Studio 2010
Project("{FAE04EC0-301F-11D3-BF4B-00C04F79EFBC}") = "Tower Defense Game", "Assembly-CSharp.csproj", "{15FA4D2F-303A-3464-D1E2-A4F41F7AEA0C}"
EndProject
Project("{FAE04EC0-301F-11D3-BF4B-00C04F79EFBC}") = "Tower Defense Game", "Assembly-CSharp-Editor.csproj", "{3B053A47-63FE-3FFC-C540-15020D0F6A08}"
EndProject
Global
	GlobalSection(SolutionConfigurationPlatforms) = preSolution
		Debug|Any CPU = Debug|Any CPU
		Release|Any CPU = Release|Any CPU
	EndGlobalSection
	GlobalSection(ProjectConfigurationPlatforms) = postSolution
		{15FA4D2F-303A-3464-D1E2-A4F41F7AEA0C}.Debug|Any CPU.ActiveCfg = Debug|Any CPU
		{15FA4D2F-303A-3464-D1E2-A4F41F7AEA0C}.Debug|Any CPU.Build.0 = Debug|Any CPU
		{15FA4D2F-303A-3464-D1E2-A4F41F7AEA0C}.Release|Any CPU.ActiveCfg = Release|Any CPU
		{15FA4D2F-303A-3464-D1E2-A4F41F7AEA0C}.Release|Any CPU.Build.0 = Release|Any CPU
		{3B053A47-63FE-3FFC-C540-15020D0F6A08}.Debug|Any CPU.ActiveCfg = Debug|Any CPU
		{3B053A47-63FE-3FFC-C540-15020D0F6A08}.Debug|Any CPU.Build.0 = Debug|Any CPU
		{3B053A47-63FE-3FFC-C540-15020D0F6A08}.Release|Any CPU.ActiveCfg = Release|Any CPU
		{3B053A47-63FE-3FFC-C540-15020D0F6A08}.Release|Any CPU.Build.0 = Release|Any CPU
	EndGlobalSection
	GlobalSection(SolutionProperties) = preSolution
		HideSolutionNode = FALSE
	EndGlobalSection
	GlobalSection(MonoDevelopProperties) = preSolution
		StartupItem = Assembly-CSharp.csproj
	EndGlobalSection
EndGlobal
